
Microsoft Visual Studio Solution File, Format Version 12.00
# Visual Studio Version 16
VisualStudioVersion = 16.0.31005.135
MinimumVisualStudioVersion = 10.0.40219.1
Project("{FAE04EC0-301F-11D3-BF4B-00C04F79EFBC}") = "TheChase", "TheChase\TheChase.csproj", "{100D69CE-34E7-4DDA-A844-EEE5FEC8E5A1}"
EndProject
Global
	GlobalSection(SolutionConfigurationPlatforms) = preSolution
		Debug|Any CPU = Debug|Any CPU
		Release|Any CPU = Release|Any CPU
	EndGlobalSection
	GlobalSection(ProjectConfigurationPlatforms) = postSolution
		{100D69CE-34E7-4DDA-A844-EEE5FEC8E5A1}.Debug|Any CPU.ActiveCfg = Debug|Any CPU
		{100D69CE-34E7-4DDA-A844-EEE5FEC8E5A1}.Debug|Any CPU.Build.0 = Debug|Any CPU
		{100D69CE-34E7-4DDA-A844-EEE5FEC8E5A1}.Release|Any CPU.ActiveCfg = Release|Any CPU
		{100D69CE-34E7-4DDA-A844-EEE5FEC8E5A1}.Release|Any CPU.Build.0 = Release|Any CPU
	EndGlobalSection
	GlobalSection(SolutionProperties) = preSolution
		HideSolutionNode = FALSE
	EndGlobalSection
	GlobalSection(ExtensibilityGlobals) = postSolution
		SolutionGuid = {25787775-2BCE-4F16-90EE-45D066C96256}
	EndGlobalSection
EndGlobal
